PODS:
  - AFNetworking (2.5.4):
    - AFNetworking/NSURLConnection (= 2.5.4)
    - AFNetworking/NSURLSession (= 2.5.4)
    - AFNetworking/Reachability (= 2.5.4)
    - AFNetworking/Security (= 2.5.4)
    - AFNetworking/Serialization (= 2.5.4)
    - AFNetworking/UIKit (= 2.5.4)
  - AFNetworking/NSURLConnection (2.5.4):
    - AFNetworking/Reachability
    - AFNetworking/Security
    - AFNetworking/Serialization
  - AFNetworking/NSURLSession (2.5.4):
    - AFNetworking/Reachability
    - AFNetworking/Security
    - AFNetworking/Serialization
  - AFNetworking/Reachability (2.5.4)
  - AFNetworking/Security (2.5.4)
  - AFNetworking/Serialization (2.5.4)
  - AFNetworking/UIKit (2.5.4):
    - AFNetworking/NSURLConnection
    - AFNetworking/NSURLSession
  - GCDWebServer (1.4)
  - libsodium (1.0.12)
  - OpenSSL-OSX (1.0.211)
  - ZXingObjC (3.2.1):
    - ZXingObjC/All (= 3.2.1)
  - ZXingObjC/All (3.2.1)

DEPENDENCIES:
  - AFNetworking (~> 2.5.0)
  - GCDWebServer (~> 1.2)
  - libsodium (~> 1.0.3)
  - OpenSSL-OSX (~> 1.0.0)
  - ZXingObjC (= 3.2.1)

SPEC CHECKSUMS:
  AFNetworking: 05edc0ac4c4c8cf57bcf4b84be5b0744b6d8e71e
  GCDWebServer: 5dedc95d561ee808d85a757e0df51e9b80b213ff
  libsodium: 9a8faa5ef2fa0d2d57bd7f7d79bf8fb7c1a9f0ea
  OpenSSL-OSX: d9226a9b1c4257f41b819da9173a150c6a6fbfd5
  ZXingObjC: bbf7b8f0cf8933fdd33eb4f9f46e22308552869b

PODFILE CHECKSUM: 54b7d759c277126f2b944336453eff855372657a

COCOAPODS: 1.2.1
